// !$*UTF8*$!
{
	archiveVersion = 1;
	classes = {
	};
	objectVersion = 50;
	objects = {

/* Begin PBXBuildFile section */
		C4075ECB26029B840014F4EB /* 28sPreViewData.swift in Sources */ = {isa = PBXBuildFile; fileRef = C4075ECA26029B840014F4EB /* 28sPreViewData.swift */; };
		C408CE8F25F9AC370093FA1F /* CPUPlayer.swift in Sources */ = {isa = PBXBuildFile; fileRef = C408CE8E25F9AC370093FA1F /* CPUPlayer.swift */; };
		C40BBF7C25F1994800DD2AC6 /* UserView.swift in Sources */ = {isa = PBXBuildFile; fileRef = C40BBF7B25F1994800DD2AC6 /* UserView.swift */; };
		C436D5EA25EE96A20081A280 /* Trump.swift in Sources */ = {isa = PBXBuildFile; fileRef = C436D5E925EE96A20081A280 /* Trump.swift */; };
		C478F15325EEA2E000E79A15 /* RoundCards.swift in Sources */ = {isa = PBXBuildFile; fileRef = C478F15225EEA2E000E79A15 /* RoundCards.swift */; };
		C478F15B25EECCA700E79A15 /* _28s constants.swift in Sources */ = {isa = PBXBuildFile; fileRef = C478F15A25EECCA700E79A15 /* _28s constants.swift */; };
		C478FE4D25E9B0230050B0E5 /* TwentyEightsGameV2App.swift in Sources */ = {isa = PBXBuildFile; fileRef = C478FE4C25E9B0230050B0E5 /* TwentyEightsGameV2App.swift */; };
		C478FE5125E9B0240050B0E5 /* Assets.xcassets in Resources */ = {isa = PBXBuildFile; fileRef = C478FE5025E9B0240050B0E5 /* Assets.xcassets */; };
		C478FE5425E9B0240050B0E5 /* Preview Assets.xcassets in Resources */ = {isa = PBXBuildFile; fileRef = C478FE5325E9B0240050B0E5 /* Preview Assets.xcassets */; };
		C478FECF25E9B0C70050B0E5 /* Face.swift in Sources */ = {isa = PBXBuildFile; fileRef = C478FEC925E9B0C60050B0E5 /* Face.swift */; };
		C478FED025E9B0C70050B0E5 /* PartnerGroup.swift in Sources */ = {isa = PBXBuildFile; fileRef = C478FECA25E9B0C70050B0E5 /* PartnerGroup.swift */; };
		C478FED125E9B0C70050B0E5 /* PlayerType.swift in Sources */ = {isa = PBXBuildFile; fileRef = C478FECB25E9B0C70050B0E5 /* PlayerType.swift */; };
		C478FED225E9B0C70050B0E5 /* Suit.swift in Sources */ = {isa = PBXBuildFile; fileRef = C478FECC25E9B0C70050B0E5 /* Suit.swift */; };
		C478FED325E9B0C70050B0E5 /* Seat.swift in Sources */ = {isa = PBXBuildFile; fileRef = C478FECD25E9B0C70050B0E5 /* Seat.swift */; };
		C478FED425E9B0C70050B0E5 /* GameStage.swift in Sources */ = {isa = PBXBuildFile; fileRef = C478FECE25E9B0C70050B0E5 /* GameStage.swift */; };
		C478FEE225E9B1050050B0E5 /* Deck.swift in Sources */ = {isa = PBXBuildFile; fileRef = C478FEDC25E9B1050050B0E5 /* Deck.swift */; };
		C478FEE325E9B1050050B0E5 /* PlayerAction.swift in Sources */ = {isa = PBXBuildFile; fileRef = C478FEDD25E9B1050050B0E5 /* PlayerAction.swift */; };
		C478FEE525E9B1050050B0E5 /* CardFlashes.swift in Sources */ = {isa = PBXBuildFile; fileRef = C478FEDF25E9B1050050B0E5 /* CardFlashes.swift */; };
		C478FEE625E9B1050050B0E5 /* Card.swift in Sources */ = {isa = PBXBuildFile; fileRef = C478FEE025E9B1050050B0E5 /* Card.swift */; };
		C478FEE725E9B1050050B0E5 /* Player.swift in Sources */ = {isa = PBXBuildFile; fileRef = C478FEE125E9B1050050B0E5 /* Player.swift */; };
		C478FEF225E9B37D0050B0E5 /* Trick.swift in Sources */ = {isa = PBXBuildFile; fileRef = C478FEF125E9B37D0050B0E5 /* Trick.swift */; };
		C478FEF625E9B4160050B0E5 /* Bidding.swift in Sources */ = {isa = PBXBuildFile; fileRef = C478FEF525E9B4160050B0E5 /* Bidding.swift */; };
		C478FEF925E9B4450050B0E5 /* GameController.swift in Sources */ = {isa = PBXBuildFile; fileRef = C478FEF825E9B4450050B0E5 /* GameController.swift */; };
		C478FF0225E9B4DC0050B0E5 /* Round.swift in Sources */ = {isa = PBXBuildFile; fileRef = C478FF0125E9B4DC0050B0E5 /* Round.swift */; };
		C478FF1825ED55230050B0E5 /* IntID.swift in Sources */ = {isa = PBXBuildFile; fileRef = C478FF1725ED55230050B0E5 /* IntID.swift */; };
		C483C89F2607A16800D9D1A1 /* FlipViewModifier.swift in Sources */ = {isa = PBXBuildFile; fileRef = C483C89E2607A16800D9D1A1 /* FlipViewModifier.swift */; };
		C48C42462603E34B009E81D9 /* UserCardsView.swift in Sources */ = {isa = PBXBuildFile; fileRef = C48C42452603E34B009E81D9 /* UserCardsView.swift */; };
		C48C42562603FCA6009E81D9 /* ActiveSeatIndictorView.swift in Sources */ = {isa = PBXBuildFile; fileRef = C48C42552603FCA6009E81D9 /* ActiveSeatIndictorView.swift */; };
		C48C42592603FE28009E81D9 /* BidSeatView.swift in Sources */ = {isa = PBXBuildFile; fileRef = C48C42582603FE28009E81D9 /* BidSeatView.swift */; };
		C48C425E2604D269009E81D9 /* TeamScoreView.swift in Sources */ = {isa = PBXBuildFile; fileRef = C48C425D2604D269009E81D9 /* TeamScoreView.swift */; };
		C48C42632604D2D6009E81D9 /* FinalBidView.swift in Sources */ = {isa = PBXBuildFile; fileRef = C48C42622604D2D6009E81D9 /* FinalBidView.swift */; };
		C48C42672604D321009E81D9 /* TeamScoreGaugeView.swift in Sources */ = {isa = PBXBuildFile; fileRef = C48C42662604D321009E81D9 /* TeamScoreGaugeView.swift */; };
		C4AB769F2604F27200AB6015 /* GeometryProxy + center.swift in Sources */ = {isa = PBXBuildFile; fileRef = C4AB769E2604F27200AB6015 /* GeometryProxy + center.swift */; };
		C4AB76A32604F8EA00AB6015 /* SeatSelectionsView.swift in Sources */ = {isa = PBXBuildFile; fileRef = C4AB76A22604F8EA00AB6015 /* SeatSelectionsView.swift */; };
		C4AB76A82604FFF700AB6015 /* CardPlaceHolderView.swift in Sources */ = {isa = PBXBuildFile; fileRef = C4AB76A72604FFF700AB6015 /* CardPlaceHolderView.swift */; };
		C4AB76AE2605027E00AB6015 /* SeatPlaceHoldersView.swift in Sources */ = {isa = PBXBuildFile; fileRef = C4AB76AD2605027E00AB6015 /* SeatPlaceHoldersView.swift */; };
		C4AB76B626050E3200AB6015 /* TrumpPlaceHolderView.swift in Sources */ = {isa = PBXBuildFile; fileRef = C4AB76B526050E3200AB6015 /* TrumpPlaceHolderView.swift */; };
		C4BA0D77260BB5B400A296CB /* onPressingDragGesture.swift in Sources */ = {isa = PBXBuildFile; fileRef = C4BA0D76260BB5B400A296CB /* onPressingDragGesture.swift */; };
		C4BAF812260BE72D006AAB23 /* Glow.swift in Sources */ = {isa = PBXBuildFile; fileRef = C4BAF811260BE72D006AAB23 /* Glow.swift */; };
		C4BAF816260BE7FA006AAB23 /* UIImage + ClearBackground.swift in Sources */ = {isa = PBXBuildFile; fileRef = C4BAF815260BE7FA006AAB23 /* UIImage + ClearBackground.swift */; };
		C4EC1C4125FFA7B100A2ADA7 /* CardView.swift in Sources */ = {isa = PBXBuildFile; fileRef = C4EC1C2B25FFA7B100A2ADA7 /* CardView.swift */; };
		C4EC1C4525FFA7B100A2ADA7 /* CardBackView.swift in Sources */ = {isa = PBXBuildFile; fileRef = C4EC1C2F25FFA7B100A2ADA7 /* CardBackView.swift */; };
		C4EC1C4625FFA7B100A2ADA7 /* HandView.swift in Sources */ = {isa = PBXBuildFile; fileRef = C4EC1C3225FFA7B100A2ADA7 /* HandView.swift */; };
		C4EC1C4725FFA7B100A2ADA7 /* TrumpView.swift in Sources */ = {isa = PBXBuildFile; fileRef = C4EC1C3325FFA7B100A2ADA7 /* TrumpView.swift */; };
		C4EC1C4825FFA7B100A2ADA7 /* StageChangeView.swift in Sources */ = {isa = PBXBuildFile; fileRef = C4EC1C3425FFA7B100A2ADA7 /* StageChangeView.swift */; };
		C4EC1C4925FFA7B100A2ADA7 /* TrumpCalled.swift in Sources */ = {isa = PBXBuildFile; fileRef = C4EC1C3525FFA7B100A2ADA7 /* TrumpCalled.swift */; };
		C4EC1C4A25FFA7B100A2ADA7 /* BidPickerView.swift in Sources */ = {isa = PBXBuildFile; fileRef = C4EC1C3625FFA7B100A2ADA7 /* BidPickerView.swift */; };
		C4EC1C4C25FFA7B100A2ADA7 /* EndGameView.swift in Sources */ = {isa = PBXBuildFile; fileRef = C4EC1C3825FFA7B100A2ADA7 /* EndGameView.swift */; };
		C4EC1C4D25FFA7B100A2ADA7 /* BackgroundView.swift in Sources */ = {isa = PBXBuildFile; fileRef = C4EC1C3925FFA7B100A2ADA7 /* BackgroundView.swift */; };
		C4EC1C4E25FFA7B100A2ADA7 /* ScoresView.swift in Sources */ = {isa = PBXBuildFile; fileRef = C4EC1C3A25FFA7B100A2ADA7 /* ScoresView.swift */; };
		C4EC1C4F25FFA7B100A2ADA7 /* AlertView.swift in Sources */ = {isa = PBXBuildFile; fileRef = C4EC1C3B25FFA7B100A2ADA7 /* AlertView.swift */; };
		C4EC1C5025FFA7B100A2ADA7 /* PlayingTableView.swift in Sources */ = {isa = PBXBuildFile; fileRef = C4EC1C3C25FFA7B100A2ADA7 /* PlayingTableView.swift */; };
		C4EC1C5125FFA7B100A2ADA7 /* SeatView.swift in Sources */ = {isa = PBXBuildFile; fileRef = C4EC1C3D25FFA7B100A2ADA7 /* SeatView.swift */; };
		C4EC1C5225FFA7B100A2ADA7 /* EndRoundView.swift in Sources */ = {isa = PBXBuildFile; fileRef = C4EC1C3E25FFA7B100A2ADA7 /* EndRoundView.swift */; };
		C4EC1C5325FFA7B100A2ADA7 /* App UI Style.swift in Sources */ = {isa = PBXBuildFile; fileRef = C4EC1C4025FFA7B100A2ADA7 /* App UI Style.swift */; };
		FAD64343269F1AD700FBC7F7 /* Fill.swift in Sources */ = {isa = PBXBuildFile; fileRef = FAD64342269F1AD700FBC7F7 /* Fill.swift */; };
		FAD7E1D626C9970500D4C3B8 /* NestedStructs.swift in Sources */ = {isa = PBXBuildFile; fileRef = FAD7E1D526C9970500D4C3B8 /* NestedStructs.swift */; };
		FAE069CD26C871170065D172 /* Game errors.swift in Sources */ = {isa = PBXBuildFile; fileRef = FAE069CC26C871170065D172 /* Game errors.swift */; };
/* End PBXBuildFile section */

/* Begin PBXFileReference section */
		C4075ECA26029B840014F4EB /* 28sPreViewData.swift */ = {isa = PBXFileReference; lastKnownFileType = sourcecode.swift; path = 28sPreViewData.swift; sourceTree = "<group>"; };
		C408CE8E25F9AC370093FA1F /* CPUPlayer.swift */ = {isa = PBXFileReference; lastKnownFileType = sourcecode.swift; path = CPUPlayer.swift; sourceTree = "<group>"; };
		C40BBF7B25F1994800DD2AC6 /* UserView.swift */ = {isa = PBXFileReference; lastKnownFileType = sourcecode.swift; path = UserView.swift; sourceTree = "<group>"; };
		C436D5E925EE96A20081A280 /* Trump.swift */ = {isa = PBXFileReference; lastKnownFileType = sourcecode.swift; path = Trump.swift; sourceTree = "<group>"; };
		C478F15225EEA2E000E79A15 /* RoundCards.swift */ = {isa = PBXFileReference; lastKnownFileType = sourcecode.swift; path = RoundCards.swift; sourceTree = "<group>"; };
		C478F15A25EECCA700E79A15 /* _28s constants.swift */ = {isa = PBXFileReference; lastKnownFileType = sourcecode.swift; path = "_28s constants.swift"; sourceTree = "<group>"; };
		C478FE4925E9B0230050B0E5 /* TwentyEightsGameV2.app */ = {isa = PBXFileReference; explicitFileType = wrapper.application; includeInIndex = 0; path = TwentyEightsGameV2.app; sourceTree = BUILT_PRODUCTS_DIR; };
		C478FE4C25E9B0230050B0E5 /* TwentyEightsGameV2App.swift */ = {isa = PBXFileReference; lastKnownFileType = sourcecode.swift; path = TwentyEightsGameV2App.swift; sourceTree = "<group>"; };
		C478FE5025E9B0240050B0E5 /* Assets.xcassets */ = {isa = PBXFileReference; lastKnownFileType = folder.assetcatalog; path = Assets.xcassets; sourceTree = "<group>"; };
		C478FE5325E9B0240050B0E5 /* Preview Assets.xcassets */ = {isa = PBXFileReference; lastKnownFileType = folder.assetcatalog; path = "Preview Assets.xcassets"; sourceTree = "<group>"; };
		C478FE5525E9B0240050B0E5 /* Info.plist */ = {isa = PBXFileReference; lastKnownFileType = text.plist.xml; path = Info.plist; sourceTree = "<group>"; };
		C478FEC925E9B0C60050B0E5 /* Face.swift */ = {isa = PBXFileReference; fileEncoding = 4; lastKnownFileType = sourcecode.swift; path = Face.swift; sourceTree = "<group>"; };
		C478FECA25E9B0C70050B0E5 /* PartnerGroup.swift */ = {isa = PBXFileReference; fileEncoding = 4; lastKnownFileType = sourcecode.swift; path = PartnerGroup.swift; sourceTree = "<group>"; };
		C478FECB25E9B0C70050B0E5 /* PlayerType.swift */ = {isa = PBXFileReference; fileEncoding = 4; lastKnownFileType = sourcecode.swift; path = PlayerType.swift; sourceTree = "<group>"; };
		C478FECC25E9B0C70050B0E5 /* Suit.swift */ = {isa = PBXFileReference; fileEncoding = 4; lastKnownFileType = sourcecode.swift; path = Suit.swift; sourceTree = "<group>"; };
		C478FECD25E9B0C70050B0E5 /* Seat.swift */ = {isa = PBXFileReference; fileEncoding = 4; lastKnownFileType = sourcecode.swift; path = Seat.swift; sourceTree = "<group>"; };
		C478FECE25E9B0C70050B0E5 /* GameStage.swift */ = {isa = PBXFileReference; fileEncoding = 4; lastKnownFileType = sourcecode.swift; path = GameStage.swift; sourceTree = "<group>"; };
		C478FEDC25E9B1050050B0E5 /* Deck.swift */ = {isa = PBXFileReference; fileEncoding = 4; lastKnownFileType = sourcecode.swift; path = Deck.swift; sourceTree = "<group>"; };
		C478FEDD25E9B1050050B0E5 /* PlayerAction.swift */ = {isa = PBXFileReference; fileEncoding = 4; lastKnownFileType = sourcecode.swift; path = PlayerAction.swift; sourceTree = "<group>"; };
		C478FEDF25E9B1050050B0E5 /* CardFlashes.swift */ = {isa = PBXFileReference; fileEncoding = 4; lastKnownFileType = sourcecode.swift; path = CardFlashes.swift; sourceTree = "<group>"; };
		C478FEE025E9B1050050B0E5 /* Card.swift */ = {isa = PBXFileReference; fileEncoding = 4; lastKnownFileType = sourcecode.swift; path = Card.swift; sourceTree = "<group>"; };
		C478FEE125E9B1050050B0E5 /* Player.swift */ = {isa = PBXFileReference; fileEncoding = 4; lastKnownFileType = sourcecode.swift; path = Player.swift; sourceTree = "<group>"; };
		C478FEF125E9B37D0050B0E5 /* Trick.swift */ = {isa = PBXFileReference; fileEncoding = 4; lastKnownFileType = sourcecode.swift; path = Trick.swift; sourceTree = "<group>"; };
		C478FEF525E9B4160050B0E5 /* Bidding.swift */ = {isa = PBXFileReference; fileEncoding = 4; lastKnownFileType = sourcecode.swift; path = Bidding.swift; sourceTree = "<group>"; };
		C478FEF825E9B4450050B0E5 /* GameController.swift */ = {isa = PBXFileReference; lastKnownFileType = sourcecode.swift; path = GameController.swift; sourceTree = "<group>"; };
		C478FF0125E9B4DC0050B0E5 /* Round.swift */ = {isa = PBXFileReference; lastKnownFileType = sourcecode.swift; path = Round.swift; sourceTree = "<group>"; };
		C478FF1725ED55230050B0E5 /* IntID.swift */ = {isa = PBXFileReference; lastKnownFileType = sourcecode.swift; path = IntID.swift; sourceTree = "<group>"; };
		C483C89E2607A16800D9D1A1 /* FlipViewModifier.swift */ = {isa = PBXFileReference; lastKnownFileType = sourcecode.swift; path = FlipViewModifier.swift; sourceTree = "<group>"; };
		C48C42452603E34B009E81D9 /* UserCardsView.swift */ = {isa = PBXFileReference; lastKnownFileType = sourcecode.swift; path = UserCardsView.swift; sourceTree = "<group>"; };
		C48C42552603FCA6009E81D9 /* ActiveSeatIndictorView.swift */ = {isa = PBXFileReference; lastKnownFileType = sourcecode.swift; path = ActiveSeatIndictorView.swift; sourceTree = "<group>"; };
		C48C42582603FE28009E81D9 /* BidSeatView.swift */ = {isa = PBXFileReference; lastKnownFileType = sourcecode.swift; path = BidSeatView.swift; sourceTree = "<group>"; };
		C48C425D2604D269009E81D9 /* TeamScoreView.swift */ = {isa = PBXFileReference; lastKnownFileType = sourcecode.swift; path = TeamScoreView.swift; sourceTree = "<group>"; };
		C48C42622604D2D6009E81D9 /* FinalBidView.swift */ = {isa = PBXFileReference; lastKnownFileType = sourcecode.swift; path = FinalBidView.swift; sourceTree = "<group>"; };
		C48C42662604D321009E81D9 /* TeamScoreGaugeView.swift */ = {isa = PBXFileReference; lastKnownFileType = sourcecode.swift; path = TeamScoreGaugeView.swift; sourceTree = "<group>"; };
		C4AB769E2604F27200AB6015 /* GeometryProxy + center.swift */ = {isa = PBXFileReference; lastKnownFileType = sourcecode.swift; path = "GeometryProxy + center.swift"; sourceTree = "<group>"; };
		C4AB76A22604F8EA00AB6015 /* SeatSelectionsView.swift */ = {isa = PBXFileReference; lastKnownFileType = sourcecode.swift; path = SeatSelectionsView.swift; sourceTree = "<group>"; };
		C4AB76A72604FFF700AB6015 /* CardPlaceHolderView.swift */ = {isa = PBXFileReference; lastKnownFileType = sourcecode.swift; path = CardPlaceHolderView.swift; sourceTree = "<group>"; };
		C4AB76AD2605027E00AB6015 /* SeatPlaceHoldersView.swift */ = {isa = PBXFileReference; lastKnownFileType = sourcecode.swift; path = SeatPlaceHoldersView.swift; sourceTree = "<group>"; };
		C4AB76B526050E3200AB6015 /* TrumpPlaceHolderView.swift */ = {isa = PBXFileReference; lastKnownFileType = sourcecode.swift; path = TrumpPlaceHolderView.swift; sourceTree = "<group>"; };
		C4BA0D76260BB5B400A296CB /* onPressingDragGesture.swift */ = {isa = PBXFileReference; fileEncoding = 4; lastKnownFileType = sourcecode.swift; path = onPressingDragGesture.swift; sourceTree = "<group>"; };
		C4BAF811260BE72D006AAB23 /* Glow.swift */ = {isa = PBXFileReference; lastKnownFileType = sourcecode.swift; path = Glow.swift; sourceTree = "<group>"; };
		C4BAF815260BE7FA006AAB23 /* UIImage + ClearBackground.swift */ = {isa = PBXFileReference; lastKnownFileType = sourcecode.swift; path = "UIImage + ClearBackground.swift"; sourceTree = "<group>"; };
		C4EC1C2B25FFA7B100A2ADA7 /* CardView.swift */ = {isa = PBXFileReference; fileEncoding = 4; lastKnownFileType = sourcecode.swift; path = CardView.swift; sourceTree = "<group>"; };
		C4EC1C2F25FFA7B100A2ADA7 /* CardBackView.swift */ = {isa = PBXFileReference; fileEncoding = 4; lastKnownFileType = sourcecode.swift; path = CardBackView.swift; sourceTree = "<group>"; };
		C4EC1C3225FFA7B100A2ADA7 /* HandView.swift */ = {isa = PBXFileReference; fileEncoding = 4; lastKnownFileType = sourcecode.swift; path = HandView.swift; sourceTree = "<group>"; };
		C4EC1C3325FFA7B100A2ADA7 /* TrumpView.swift */ = {isa = PBXFileReference; fileEncoding = 4; lastKnownFileType = sourcecode.swift; path = TrumpView.swift; sourceTree = "<group>"; };
		C4EC1C3425FFA7B100A2ADA7 /* StageChangeView.swift */ = {isa = PBXFileReference; fileEncoding = 4; lastKnownFileType = sourcecode.swift; path = StageChangeView.swift; sourceTree = "<group>"; };
		C4EC1C3525FFA7B100A2ADA7 /* TrumpCalled.swift */ = {isa = PBXFileReference; fileEncoding = 4; lastKnownFileType = sourcecode.swift; path = TrumpCalled.swift; sourceTree = "<group>"; };
		C4EC1C3625FFA7B100A2ADA7 /* BidPickerView.swift */ = {isa = PBXFileReference; fileEncoding = 4; lastKnownFileType = sourcecode.swift; path = BidPickerView.swift; sourceTree = "<group>"; };
		C4EC1C3825FFA7B100A2ADA7 /* EndGameView.swift */ = {isa = PBXFileReference; fileEncoding = 4; lastKnownFileType = sourcecode.swift; path = EndGameView.swift; sourceTree = "<group>"; };
		C4EC1C3925FFA7B100A2ADA7 /* BackgroundView.swift */ = {isa = PBXFileReference; fileEncoding = 4; lastKnownFileType = sourcecode.swift; path = BackgroundView.swift; sourceTree = "<group>"; };
		C4EC1C3A25FFA7B100A2ADA7 /* ScoresView.swift */ = {isa = PBXFileReference; fileEncoding = 4; lastKnownFileType = sourcecode.swift; path = ScoresView.swift; sourceTree = "<group>"; };
		C4EC1C3B25FFA7B100A2ADA7 /* AlertView.swift */ = {isa = PBXFileReference; fileEncoding = 4; lastKnownFileType = sourcecode.swift; path = AlertView.swift; sourceTree = "<group>"; };
		C4EC1C3C25FFA7B100A2ADA7 /* PlayingTableView.swift */ = {isa = PBXFileReference; fileEncoding = 4; lastKnownFileType = sourcecode.swift; path = PlayingTableView.swift; sourceTree = "<group>"; };
		C4EC1C3D25FFA7B100A2ADA7 /* SeatView.swift */ = {isa = PBXFileReference; fileEncoding = 4; lastKnownFileType = sourcecode.swift; path = SeatView.swift; sourceTree = "<group>"; };
		C4EC1C3E25FFA7B100A2ADA7 /* EndRoundView.swift */ = {isa = PBXFileReference; fileEncoding = 4; lastKnownFileType = sourcecode.swift; path = EndRoundView.swift; sourceTree = "<group>"; };
		C4EC1C4025FFA7B100A2ADA7 /* App UI Style.swift */ = {isa = PBXFileReference; fileEncoding = 4; lastKnownFileType = sourcecode.swift; path = "App UI Style.swift"; sourceTree = "<group>"; };
		FAD64342269F1AD700FBC7F7 /* Fill.swift */ = {isa = PBXFileReference; lastKnownFileType = sourcecode.swift; path = Fill.swift; sourceTree = "<group>"; };
		FAD7E1D526C9970500D4C3B8 /* NestedStructs.swift */ = {isa = PBXFileReference; fileEncoding = 4; lastKnownFileType = sourcecode.swift; path = NestedStructs.swift; sourceTree = "<group>"; };
		FAE069CC26C871170065D172 /* Game errors.swift */ = {isa = PBXFileReference; lastKnownFileType = sourcecode.swift; path = "Game errors.swift"; sourceTree = "<group>"; };
/* End PBXFileReference section */

/* Begin PBXFrameworksBuildPhase section */
		C478FE4625E9B0230050B0E5 /* Frameworks */ = {
			isa = PBXFrameworksBuildPhase;
			buildActionMask = 2147483647;
			files = (
			);
			runOnlyForDeploymentPostprocessing = 0;
		};
/* End PBXFrameworksBuildPhase section */

/* Begin PBXGroup section */
		C40BBF7225F15C5600DD2AC6 /* ViewModels */ = {
			isa = PBXGroup;
			children = (
				C40BBF7B25F1994800DD2AC6 /* UserView.swift */,
			);
			name = ViewModels;
			sourceTree = "<group>";
		};
		C45439B726028215007976E7 /* Conditional Views */ = {
			isa = PBXGroup;
			children = (
				C4EC1C3425FFA7B100A2ADA7 /* StageChangeView.swift */,
				C4EC1C3825FFA7B100A2ADA7 /* EndGameView.swift */,
				C4EC1C3E25FFA7B100A2ADA7 /* EndRoundView.swift */,
				C4EC1C3525FFA7B100A2ADA7 /* TrumpCalled.swift */,
			);
			name = "Conditional Views";
			sourceTree = "<group>";
		};
		C478FE4025E9B0230050B0E5 = {
			isa = PBXGroup;
			children = (
				C478FE4B25E9B0230050B0E5 /* TwentyEightsGameV2 */,
				C478FE4A25E9B0230050B0E5 /* Products */,
			);
			sourceTree = "<group>";
		};
		C478FE4A25E9B0230050B0E5 /* Products */ = {
			isa = PBXGroup;
			children = (
				C478FE4925E9B0230050B0E5 /* TwentyEightsGameV2.app */,
			);
			name = Products;
			sourceTree = "<group>";
		};
		C478FE4B25E9B0230050B0E5 /* TwentyEightsGameV2 */ = {
			isa = PBXGroup;
			children = (
				C478FE4C25E9B0230050B0E5 /* TwentyEightsGameV2App.swift */,
				C4BA0D73260BB55900A296CB /* Extensions */,
				C40BBF7225F15C5600DD2AC6 /* ViewModels */,
				C478FEF425E9B3BA0050B0E5 /* Models */,
				C478FEE925E9B1960050B0E5 /* Enums */,
				C478FEEA25E9B1C10050B0E5 /* Views */,
				C489795825ED6CCD00BFA5F0 /* Utilites */,
				C478FE5025E9B0240050B0E5 /* Assets.xcassets */,
				C478FE5525E9B0240050B0E5 /* Info.plist */,
				C478FE5225E9B0240050B0E5 /* Preview Content */,
			);
			path = TwentyEightsGameV2;
			sourceTree = "<group>";
		};
		C478FE5225E9B0240050B0E5 /* Preview Content */ = {
			isa = PBXGroup;
			children = (
				C478FE5325E9B0240050B0E5 /* Preview Assets.xcassets */,
			);
			path = "Preview Content";
			sourceTree = "<group>";
		};
		C478FEE925E9B1960050B0E5 /* Enums */ = {
			isa = PBXGroup;
			children = (
				C478FECC25E9B0C70050B0E5 /* Suit.swift */,
				C478FECD25E9B0C70050B0E5 /* Seat.swift */,
				C478FEC925E9B0C60050B0E5 /* Face.swift */,
				C478FECE25E9B0C70050B0E5 /* GameStage.swift */,
				C478FECA25E9B0C70050B0E5 /* PartnerGroup.swift */,
				C478FECB25E9B0C70050B0E5 /* PlayerType.swift */,
			);
			name = Enums;
			sourceTree = "<group>";
		};
		C478FEEA25E9B1C10050B0E5 /* Views */ = {
			isa = PBXGroup;
			children = (
				C4EC1C3C25FFA7B100A2ADA7 /* PlayingTableView.swift */,
				C4EC1C3025FFA7B100A2ADA7 /* Table */,
				C4EC1C2A25FFA7B100A2ADA7 /* Card */,
			);
			name = Views;
			sourceTree = "<group>";
		};
		C478FEF425E9B3BA0050B0E5 /* Models */ = {
			isa = PBXGroup;
			children = (
				FAD7E1D526C9970500D4C3B8 /* NestedStructs.swift */,
				C478FF0625E9B5C80050B0E5 /* Game */,
			);
			name = Models;
			sourceTree = "<group>";
		};
		C478FF0625E9B5C80050B0E5 /* Game */ = {
			isa = PBXGroup;
			children = (
				C478F15A25EECCA700E79A15 /* _28s constants.swift */,
				C478FEF825E9B4450050B0E5 /* GameController.swift */,
				C408CE8E25F9AC370093FA1F /* CPUPlayer.swift */,
				C478FEE125E9B1050050B0E5 /* Player.swift */,
				C478FF0825E9B5F70050B0E5 /* Round */,
			);
			name = Game;
			sourceTree = "<group>";
		};
		C478FF0825E9B5F70050B0E5 /* Round */ = {
			isa = PBXGroup;
			children = (
				C478FF0125E9B4DC0050B0E5 /* Round.swift */,
				C436D5E925EE96A20081A280 /* Trump.swift */,
				C478FEF125E9B37D0050B0E5 /* Trick.swift */,
				C478FEF525E9B4160050B0E5 /* Bidding.swift */,
				C478FEE025E9B1050050B0E5 /* Card.swift */,
				C478FEDD25E9B1050050B0E5 /* PlayerAction.swift */,
				C478F15225EEA2E000E79A15 /* RoundCards.swift */,
			);
			name = Round;
			sourceTree = "<group>";
		};
		C489795825ED6CCD00BFA5F0 /* Utilites */ = {
			isa = PBXGroup;
			children = (
				C478FEDC25E9B1050050B0E5 /* Deck.swift */,
				C4075ECA26029B840014F4EB /* 28sPreViewData.swift */,
			);
			name = Utilites;
			sourceTree = "<group>";
		};
		C48C42502603FB9E009E81D9 /* Seats views */ = {
			isa = PBXGroup;
			children = (
				C4EC1C3D25FFA7B100A2ADA7 /* SeatView.swift */,
				C4AB76AD2605027E00AB6015 /* SeatPlaceHoldersView.swift */,
				C4AB76A22604F8EA00AB6015 /* SeatSelectionsView.swift */,
				C48C42552603FCA6009E81D9 /* ActiveSeatIndictorView.swift */,
				C48C42582603FE28009E81D9 /* BidSeatView.swift */,
			);
			name = "Seats views";
			sourceTree = "<group>";
		};
		C48C42612604D271009E81D9 /* Scores Views */ = {
			isa = PBXGroup;
			children = (
				C4EC1C3A25FFA7B100A2ADA7 /* ScoresView.swift */,
				C48C425D2604D269009E81D9 /* TeamScoreView.swift */,
				C48C42622604D2D6009E81D9 /* FinalBidView.swift */,
				C48C42662604D321009E81D9 /* TeamScoreGaugeView.swift */,
			);
			path = "Scores Views";
			sourceTree = "<group>";
		};
		C4BA0D73260BB55900A296CB /* Extensions */ = {
			isa = PBXGroup;
			children = (
				C4BA0D76260BB5B400A296CB /* onPressingDragGesture.swift */,
				FAE069CC26C871170065D172 /* Game errors.swift */,
				FAD64342269F1AD700FBC7F7 /* Fill.swift */,
				C483C89E2607A16800D9D1A1 /* FlipViewModifier.swift */,
				C478FF1725ED55230050B0E5 /* IntID.swift */,
				C4BAF811260BE72D006AAB23 /* Glow.swift */,
				C4AB769E2604F27200AB6015 /* GeometryProxy + center.swift */,
				C4EC1C4025FFA7B100A2ADA7 /* App UI Style.swift */,
				C4BAF815260BE7FA006AAB23 /* UIImage + ClearBackground.swift */,
			);
			name = Extensions;
			sourceTree = "<group>";
		};
		C4EC1C2A25FFA7B100A2ADA7 /* Card */ = {
			isa = PBXGroup;
			children = (
				C4EC1C2B25FFA7B100A2ADA7 /* CardView.swift */,
				C4AB76A72604FFF700AB6015 /* CardPlaceHolderView.swift */,
				C4EC1C2F25FFA7B100A2ADA7 /* CardBackView.swift */,
				C478FEDF25E9B1050050B0E5 /* CardFlashes.swift */,
			);
			path = Card;
			sourceTree = "<group>";
		};
		C4EC1C3025FFA7B100A2ADA7 /* Table */ = {
			isa = PBXGroup;
			children = (
				C4EC1C3925FFA7B100A2ADA7 /* BackgroundView.swift */,
				C48C42612604D271009E81D9 /* Scores Views */,
				C48C42502603FB9E009E81D9 /* Seats views */,
				C4EC1C3625FFA7B100A2ADA7 /* BidPickerView.swift */,
				C4EC1C3B25FFA7B100A2ADA7 /* AlertView.swift */,
				C4EC1C3125FFA7B100A2ADA7 /* Hand */,
				C45439B726028215007976E7 /* Conditional Views */,
			);
			path = Table;
			sourceTree = "<group>";
		};
		C4EC1C3125FFA7B100A2ADA7 /* Hand */ = {
			isa = PBXGroup;
			children = (
				C48C42452603E34B009E81D9 /* UserCardsView.swift */,
				C4EC1C3225FFA7B100A2ADA7 /* HandView.swift */,
				C4EC1C3325FFA7B100A2ADA7 /* TrumpView.swift */,
				C4AB76B526050E3200AB6015 /* TrumpPlaceHolderView.swift */,
			);
			path = Hand;
			sourceTree = "<group>";
		};
/* End PBXGroup section */

/* Begin PBXNativeTarget section */
		C478FE4825E9B0230050B0E5 /* TwentyEightsGameV2 */ = {
			isa = PBXNativeTarget;
			buildConfigurationList = C478FE5825E9B0240050B0E5 /* Build configuration list for PBXNativeTarget "TwentyEightsGameV2" */;
			buildPhases = (
				C478FE4525E9B0230050B0E5 /* Sources */,
				C478FE4625E9B0230050B0E5 /* Frameworks */,
				C478FE4725E9B0230050B0E5 /* Resources */,
			);
			buildRules = (
			);
			dependencies = (
			);
			name = TwentyEightsGameV2;
			productName = TwentyEightsGameV2;
			productReference = C478FE4925E9B0230050B0E5 /* TwentyEightsGameV2.app */;
			productType = "com.apple.product-type.application";
		};
/* End PBXNativeTarget section */

/* Begin PBXProject section */
		C478FE4125E9B0230050B0E5 /* Project object */ = {
			isa = PBXProject;
			attributes = {
				LastSwiftUpdateCheck = 1240;
				LastUpgradeCheck = 1240;
				TargetAttributes = {
					C478FE4825E9B0230050B0E5 = {
						CreatedOnToolsVersion = 12.4;
					};
				};
			};
			buildConfigurationList = C478FE4425E9B0230050B0E5 /* Build configuration list for PBXProject "TwentyEightsGameV2" */;
			compatibilityVersion = "Xcode 9.3";
			developmentRegion = en;
			hasScannedForEncodings = 0;
			knownRegions = (
				en,
				Base,
			);
			mainGroup = C478FE4025E9B0230050B0E5;
			productRefGroup = C478FE4A25E9B0230050B0E5 /* Products */;
			projectDirPath = "";
			projectRoot = "";
			targets = (
				C478FE4825E9B0230050B0E5 /* TwentyEightsGameV2 */,
			);
		};
/* End PBXProject section */

/* Begin PBXResourcesBuildPhase section */
		C478FE4725E9B0230050B0E5 /* Resources */ = {
			isa = PBXResourcesBuildPhase;
			buildActionMask = 2147483647;
			files = (
				C478FE5425E9B0240050B0E5 /* Preview Assets.xcassets in Resources */,
				C478FE5125E9B0240050B0E5 /* Assets.xcassets in Resources */,
			);
			runOnlyForDeploymentPostprocessing = 0;
		};
/* End PBXResourcesBuildPhase section */

/* Begin PBXSourcesBuildPhase section */
		C478FE4525E9B0230050B0E5 /* Sources */ = {
			isa = PBXSourcesBuildPhase;
			buildActionMask = 2147483647;
			files = (
				C4BA0D77260BB5B400A296CB /* onPressingDragGesture.swift in Sources */,
				C4AB76A32604F8EA00AB6015 /* SeatSelectionsView.swift in Sources */,
				C4AB769F2604F27200AB6015 /* GeometryProxy + center.swift in Sources */,
				C478F15B25EECCA700E79A15 /* _28s constants.swift in Sources */,
				C4BAF816260BE7FA006AAB23 /* UIImage + ClearBackground.swift in Sources */,
				C4AB76A82604FFF700AB6015 /* CardPlaceHolderView.swift in Sources */,
				C478FEF625E9B4160050B0E5 /* Bidding.swift in Sources */,
				C478FEE225E9B1050050B0E5 /* Deck.swift in Sources */,
				C4EC1C4F25FFA7B100A2ADA7 /* AlertView.swift in Sources */,
				C4EC1C5225FFA7B100A2ADA7 /* EndRoundView.swift in Sources */,
				C478FECF25E9B0C70050B0E5 /* Face.swift in Sources */,
				C40BBF7C25F1994800DD2AC6 /* UserView.swift in Sources */,
				C478FEF225E9B37D0050B0E5 /* Trick.swift in Sources */,
				C48C42632604D2D6009E81D9 /* FinalBidView.swift in Sources */,
				C478FED325E9B0C70050B0E5 /* Seat.swift in Sources */,
				C4EC1C4825FFA7B100A2ADA7 /* StageChangeView.swift in Sources */,
				C4EC1C4525FFA7B100A2ADA7 /* CardBackView.swift in Sources */,
				C4EC1C4625FFA7B100A2ADA7 /* HandView.swift in Sources */,
				C478FED025E9B0C70050B0E5 /* PartnerGroup.swift in Sources */,
				C408CE8F25F9AC370093FA1F /* CPUPlayer.swift in Sources */,
				C478FEE525E9B1050050B0E5 /* CardFlashes.swift in Sources */,
				C436D5EA25EE96A20081A280 /* Trump.swift in Sources */,
				C48C42462603E34B009E81D9 /* UserCardsView.swift in Sources */,
				C478FED125E9B0C70050B0E5 /* PlayerType.swift in Sources */,
				C478FEE325E9B1050050B0E5 /* PlayerAction.swift in Sources */,
				C478F15325EEA2E000E79A15 /* RoundCards.swift in Sources */,
				C48C42562603FCA6009E81D9 /* ActiveSeatIndictorView.swift in Sources */,
				C4EC1C5325FFA7B100A2ADA7 /* App UI Style.swift in Sources */,
				C48C42672604D321009E81D9 /* TeamScoreGaugeView.swift in Sources */,
				C483C89F2607A16800D9D1A1 /* FlipViewModifier.swift in Sources */,
				C4EC1C5025FFA7B100A2ADA7 /* PlayingTableView.swift in Sources */,
				C478FEF925E9B4450050B0E5 /* GameController.swift in Sources */,
				C478FED425E9B0C70050B0E5 /* GameStage.swift in Sources */,
				FAD7E1D626C9970500D4C3B8 /* NestedStructs.swift in Sources */,
				C4075ECB26029B840014F4EB /* 28sPreViewData.swift in Sources */,
				C4AB76B626050E3200AB6015 /* TrumpPlaceHolderView.swift in Sources */,
				C478FE4D25E9B0230050B0E5 /* TwentyEightsGameV2App.swift in Sources */,
				C4EC1C4125FFA7B100A2ADA7 /* CardView.swift in Sources */,
				FAD64343269F1AD700FBC7F7 /* Fill.swift in Sources */,
				C4EC1C4E25FFA7B100A2ADA7 /* ScoresView.swift in Sources */,
				C48C425E2604D269009E81D9 /* TeamScoreView.swift in Sources */,
				C4EC1C4925FFA7B100A2ADA7 /* TrumpCalled.swift in Sources */,
				C4EC1C4C25FFA7B100A2ADA7 /* EndGameView.swift in Sources */,
				FAE069CD26C871170065D172 /* Game errors.swift in Sources */,
				C478FF1825ED55230050B0E5 /* IntID.swift in Sources */,
				C478FED225E9B0C70050B0E5 /* Suit.swift in Sources */,
				C4EC1C4A25FFA7B100A2ADA7 /* BidPickerView.swift in Sources */,
				C478FEE725E9B1050050B0E5 /* Player.swift in Sources */,
				C4EC1C4725FFA7B100A2ADA7 /* TrumpView.swift in Sources */,
				C478FF0225E9B4DC0050B0E5 /* Round.swift in Sources */,
				C4EC1C5125FFA7B100A2ADA7 /* SeatView.swift in Sources */,
				C4EC1C4D25FFA7B100A2ADA7 /* BackgroundView.swift in Sources */,
				C478FEE625E9B1050050B0E5 /* Card.swift in Sources */,
				C48C42592603FE28009E81D9 /* BidSeatView.swift in Sources */,
				C4BAF812260BE72D006AAB23 /* Glow.swift in Sources */,
				C4AB76AE2605027E00AB6015 /* SeatPlaceHoldersView.swift in Sources */,
			);
			runOnlyForDeploymentPostprocessing = 0;
		};
/* End PBXSourcesBuildPhase section */

/* Begin XCBuildConfiguration section */
		C478FE5625E9B0240050B0E5 /* Debug */ = {
			isa = XCBuildConfiguration;
			buildSettings = {
				ALWAYS_SEARCH_USER_PATHS = NO;
				CLANG_ANALYZER_NONNULL = YES;
				CLANG_ANALYZER_NUMBER_OBJECT_CONVERSION = YES_AGGRESSIVE;
				CLANG_CXX_LANGUAGE_STANDARD = "gnu++14";
				CLANG_CXX_LIBRARY = "libc++";
				CLANG_ENABLE_MODULES = YES;
				CLANG_ENABLE_OBJC_ARC = YES;
				CLANG_ENABLE_OBJC_WEAK = YES;
				CLANG_WARN_BLOCK_CAPTURE_AUTORELEASING = YES;
				CLANG_WARN_BOOL_CONVERSION = YES;
				CLANG_WARN_COMMA = YES;
				CLANG_WARN_CONSTANT_CONVERSION = YES;
				CLANG_WARN_DEPRECATED_OBJC_IMPLEMENTATIONS = YES;
				CLANG_WARN_DIRECT_OBJC_ISA_USAGE = YES_ERROR;
				CLANG_WARN_DOCUMENTATION_COMMENTS = YES;
				CLANG_WARN_EMPTY_BODY = YES;
				CLANG_WARN_ENUM_CONVERSION = YES;
				CLANG_WARN_INFINITE_RECURSION = YES;
				CLANG_WARN_INT_CONVERSION = YES;
				CLANG_WARN_NON_LITERAL_NULL_CONVERSION = YES;
				CLANG_WARN_OBJC_IMPLICIT_RETAIN_SELF = YES;
				CLANG_WARN_OBJC_LITERAL_CONVERSION = YES;
				CLANG_WARN_OBJC_ROOT_CLASS = YES_ERROR;
				CLANG_WARN_QUOTED_INCLUDE_IN_FRAMEWORK_HEADER = YES;
				CLANG_WARN_RANGE_LOOP_ANALYSIS = YES;
				CLANG_WARN_STRICT_PROTOTYPES = YES;
				CLANG_WARN_SUSPICIOUS_MOVE = YES;
				CLANG_WARN_UNGUARDED_AVAILABILITY = YES_AGGRESSIVE;
				CLANG_WARN_UNREACHABLE_CODE = YES;
				CLANG_WARN__DUPLICATE_METHOD_MATCH = YES;
				COPY_PHASE_STRIP = NO;
				DEBUG_INFORMATION_FORMAT = dwarf;
				ENABLE_STRICT_OBJC_MSGSEND = YES;
				ENABLE_TESTABILITY = YES;
				GCC_C_LANGUAGE_STANDARD = gnu11;
				GCC_DYNAMIC_NO_PIC = NO;
				GCC_NO_COMMON_BLOCKS = YES;
				GCC_OPTIMIZATION_LEVEL = 0;
				GCC_PREPROCESSOR_DEFINITIONS = (
					"DEBUG=1",
					"$(inherited)",
				);
				GCC_WARN_64_TO_32_BIT_CONVERSION = YES;
				GCC_WARN_ABOUT_RETURN_TYPE = YES_ERROR;
				GCC_WARN_UNDECLARED_SELECTOR = YES;
				GCC_WARN_UNINITIALIZED_AUTOS = YES_AGGRESSIVE;
				GCC_WARN_UNUSED_FUNCTION = YES;
				GCC_WARN_UNUSED_VARIABLE = YES;
				IPHONEOS_DEPLOYMENT_TARGET = 14.4;
				MTL_ENABLE_DEBUG_INFO = INCLUDE_SOURCE;
				MTL_FAST_MATH = YES;
				ONLY_ACTIVE_ARCH = YES;
				SDKROOT = iphoneos;
				SWIFT_ACTIVE_COMPILATION_CONDITIONS = DEBUG;
				SWIFT_OPTIMIZATION_LEVEL = "-Onone";
			};
			name = Debug;
		};
		C478FE5725E9B0240050B0E5 /* Release */ = {
			isa = XCBuildConfiguration;
			buildSettings = {
				ALWAYS_SEARCH_USER_PATHS = NO;
				CLANG_ANALYZER_NONNULL = YES;
				CLANG_ANALYZER_NUMBER_OBJECT_CONVERSION = YES_AGGRESSIVE;
				CLANG_CXX_LANGUAGE_STANDARD = "gnu++14";
				CLANG_CXX_LIBRARY = "libc++";
				CLANG_ENABLE_MODULES = YES;
				CLANG_ENABLE_OBJC_ARC = YES;
				CLANG_ENABLE_OBJC_WEAK = YES;
				CLANG_WARN_BLOCK_CAPTURE_AUTORELEASING = YES;
				CLANG_WARN_BOOL_CONVERSION = YES;
				CLANG_WARN_COMMA = YES;
				CLANG_WARN_CONSTANT_CONVERSION = YES;
				CLANG_WARN_DEPRECATED_OBJC_IMPLEMENTATIONS = YES;
				CLANG_WARN_DIRECT_OBJC_ISA_USAGE = YES_ERROR;
				CLANG_WARN_DOCUMENTATION_COMMENTS = YES;
				CLANG_WARN_EMPTY_BODY = YES;
				CLANG_WARN_ENUM_CONVERSION = YES;
				CLANG_WARN_INFINITE_RECURSION = YES;
				CLANG_WARN_INT_CONVERSION = YES;
				CLANG_WARN_NON_LITERAL_NULL_CONVERSION = YES;
				CLANG_WARN_OBJC_IMPLICIT_RETAIN_SELF = YES;
				CLANG_WARN_OBJC_LITERAL_CONVERSION = YES;
				CLANG_WARN_OBJC_ROOT_CLASS = YES_ERROR;
				CLANG_WARN_QUOTED_INCLUDE_IN_FRAMEWORK_HEADER = YES;
				CLANG_WARN_RANGE_LOOP_ANALYSIS = YES;
				CLANG_WARN_STRICT_PROTOTYPES = YES;
				CLANG_WARN_SUSPICIOUS_MOVE = YES;
				CLANG_WARN_UNGUARDED_AVAILABILITY = YES_AGGRESSIVE;
				CLANG_WARN_UNREACHABLE_CODE = YES;
				CLANG_WARN__DUPLICATE_METHOD_MATCH = YES;
				COPY_PHASE_STRIP = NO;
				DEBUG_INFORMATION_FORMAT = "dwarf-with-dsym";
				ENABLE_NS_ASSERTIONS = NO;
				ENABLE_STRICT_OBJC_MSGSEND = YES;
				GCC_C_LANGUAGE_STANDARD = gnu11;
				GCC_NO_COMMON_BLOCKS = YES;
				GCC_WARN_64_TO_32_BIT_CONVERSION = YES;
				GCC_WARN_ABOUT_RETURN_TYPE = YES_ERROR;
				GCC_WARN_UNDECLARED_SELECTOR = YES;
				GCC_WARN_UNINITIALIZED_AUTOS = YES_AGGRESSIVE;
				GCC_WARN_UNUSED_FUNCTION = YES;
				GCC_WARN_UNUSED_VARIABLE = YES;
				IPHONEOS_DEPLOYMENT_TARGET = 14.4;
				MTL_ENABLE_DEBUG_INFO = NO;
				MTL_FAST_MATH = YES;
				SDKROOT = iphoneos;
				SWIFT_COMPILATION_MODE = wholemodule;
				SWIFT_OPTIMIZATION_LEVEL = "-O";
				VALIDATE_PRODUCT = YES;
			};
			name = Release;
		};
		C478FE5925E9B0240050B0E5 /* Debug */ = {
			isa = XCBuildConfiguration;
			buildSettings = {
				ASSETCATALOG_COMPILER_APPICON_NAME = AppIcon;
				ASSETCATALOG_COMPILER_GLOBAL_ACCENT_COLOR_NAME = AccentColor;
				CODE_SIGN_STYLE = Automatic;
				DEVELOPMENT_ASSET_PATHS = "\"TwentyEightsGameV2/Preview Content\"";
				DEVELOPMENT_TEAM = AQLF224AZ9;
				ENABLE_PREVIEWS = YES;
				INFOPLIST_FILE = TwentyEightsGameV2/Info.plist;
				IPHONEOS_DEPLOYMENT_TARGET = 14.0;
				LD_RUNPATH_SEARCH_PATHS = (
					"$(inherited)",
					"@executable_path/Frameworks",
				);
				PRODUCT_BUNDLE_IDENTIFIER = fullertom.TwentyEightsGameV2;
				PRODUCT_NAME = "$(TARGET_NAME)";
				SWIFT_VERSION = 5.0;
				TARGETED_DEVICE_FAMILY = "1,2";
			};
			name = Debug;
		};
		C478FE5A25E9B0240050B0E5 /* Release */ = {
			isa = XCBuildConfiguration;
			buildSettings = {
				ASSETCATALOG_COMPILER_APPICON_NAME = AppIcon;
				ASSETCATALOG_COMPILER_GLOBAL_ACCENT_COLOR_NAME = AccentColor;
				CODE_SIGN_STYLE = Automatic;
				DEVELOPMENT_ASSET_PATHS = "\"TwentyEightsGameV2/Preview Content\"";
				DEVELOPMENT_TEAM = AQLF224AZ9;
				ENABLE_PREVIEWS = YES;
				INFOPLIST_FILE = TwentyEightsGameV2/Info.plist;
				IPHONEOS_DEPLOYMENT_TARGET = 14.0;
				LD_RUNPATH_SEARCH_PATHS = (
					"$(inherited)",
					"@executable_path/Frameworks",
				);
				PRODUCT_BUNDLE_IDENTIFIER = fullertom.TwentyEightsGameV2;
				PRODUCT_NAME = "$(TARGET_NAME)";
				SWIFT_VERSION = 5.0;
				TARGETED_DEVICE_FAMILY = "1,2";
			};
			name = Release;
		};
/* End XCBuildConfiguration section */

/* Begin XCConfigurationList section */
		C478FE4425E9B0230050B0E5 /* Build configuration list for PBXProject "TwentyEightsGameV2" */ = {
			isa = XCConfigurationList;
			buildConfigurations = (
				C478FE5625E9B0240050B0E5 /* Debug */,
				C478FE5725E9B0240050B0E5 /* Release */,
			);
			defaultConfigurationIsVisible = 0;
			defaultConfigurationName = Release;
		};
		C478FE5825E9B0240050B0E5 /* Build configuration list for PBXNativeTarget "TwentyEightsGameV2" */ = {
			isa = XCConfigurationList;
			buildConfigurations = (
				C478FE5925E9B0240050B0E5 /* Debug */,
				C478FE5A25E9B0240050B0E5 /* Release */,
			);
			defaultConfigurationIsVisible = 0;
			defaultConfigurationName = Release;
		};
/* End XCConfigurationList section */
	};
	rootObject = C478FE4125E9B0230050B0E5 /* Project object */;
}
